
Microsoft Visual Studio Solution File, Format Version 12.00
# Visual Studio Version 17
VisualStudioVersion = 17.3.32825.248
MinimumVisualStudioVersion = 10.0.40219.1
Project("{FAE04EC0-301F-11D3-BF4B-00C04F79EFBC}") = "Calculator chio 3", "Calculator chio 3\Calculator chio 3.csproj", "{832E324C-CBF0-476C-BF66-FE24B97A9B05}"
EndProject
Global
	GlobalSection(SolutionConfigurationPlatforms) = preSolution
		Debug|Any CPU = Debug|Any CPU
		Release|Any CPU = Release|Any CPU
	EndGlobalSection
	GlobalSection(ProjectConfigurationPlatforms) = postSolution
		{832E324C-CBF0-476C-BF66-FE24B97A9B05}.Debug|Any CPU.ActiveCfg = Debug|Any CPU
		{832E324C-CBF0-476C-BF66-FE24B97A9B05}.Debug|Any CPU.Build.0 = Debug|Any CPU
		{832E324C-CBF0-476C-BF66-FE24B97A9B05}.Release|Any CPU.ActiveCfg = Release|Any CPU
		{832E324C-CBF0-476C-BF66-FE24B97A9B05}.Release|Any CPU.Build.0 = Release|Any CPU
	EndGlobalSection
	GlobalSection(SolutionProperties) = preSolution
		HideSolutionNode = FALSE
	EndGlobalSection
	GlobalSection(ExtensibilityGlobals) = postSolution
		SolutionGuid = {469DB614-B18A-4AE5-8E34-B0BDF9219A56}
	EndGlobalSection
EndGlobal
